<?xml version="1.0" encoding="utf-8"?>
<Project ToolsVersion="4.0" xmlns="http://schemas.microsoft.com/developer/msbuild/2003">
  <ItemGroup>
    <Filter Include="Source Files">
      <UniqueIdentifier>{4FC737F1-C7A5-4376-A066-2A32D752A2FF}</UniqueIdentifier>
      <Extensions>cpp;c;cc;cxx;c++;cppm;ixx;def;odl;idl;hpj;bat;asm;asmx</Extensions>
    </Filter>
    <Filter Include="Header Files">
      <UniqueIdentifier>{93995380-89BD-4b04-88EB-625FBE52EBFB}</UniqueIdentifier>
      <Extensions>h;hh;hpp;hxx;h++;hm;inl;inc;ipp;xsd</Extensions>
    </Filter>
    <Filter Include="Resource Files">
      <UniqueIdentifier>{67DA6AB6-F800-4c08-8B7A-83BB121AAD01}</UniqueIdentifier>
      <Extensions>rc;ico;cur;bmp;dlg;rc2;rct;bin;rgs;gif;jpg;jpeg;jpe;resx;tiff;tif;png;wav;mfcribbon-ms</Extensions>
    </Filter>
  </ItemGroup>
  <ItemGroup>
    <ClCompile Include="Learning Cpp.cpp">
      <Filter>Source Files</Filter>
    </ClCompile>
    <ClCompile Include="class.cpp">
      <Filter>Source Files</Filter>
    </ClCompile>
    <ClCompile Include="KTLT6 bai2.cpp">
      <Filter>Source Files</Filter>
    </ClCompile>
    <ClCompile Include="vecto.cpp">
      <Filter>Source Files</Filter>
    </ClCompile>
    <ClCompile Include="bien_tinh .cpp">
      <Filter>Source Files</Filter>
    </ClCompile>
    <ClCompile Include="Thinh.cpp">
      <Filter>Source Files</Filter>
    </ClCompile>
    <ClCompile Include="Ktlt6- bài .cpp">
      <Filter>Source Files</Filter>
    </ClCompile>
    <ClCompile Include="Array .cpp">
      <Filter>Source Files</Filter>
    </ClCompile>
    <ClCompile Include="DatB3.cpp">
      <Filter>Source Files</Filter>
    </ClCompile>
    <ClCompile Include="Ly_Thuyet.cpp">
      <Filter>Source Files</Filter>
    </ClCompile>
    <ClCompile Include="nap_chong toan tu.cpp">
      <Filter>Source Files</Filter>
    </ClCompile>
    <ClCompile Include="As13.cpp">
      <Filter>Source Files</Filter>
    </ClCompile>
    <ClCompile Include="As6.cpp">
      <Filter>Source Files</Filter>
    </ClCompile>
    <ClCompile Include="As5.cpp">
      <Filter>Source Files</Filter>
    </ClCompile>
    <ClCompile Include="As6.1.cpp">
      <Filter>Source Files</Filter>
    </ClCompile>
    <ClCompile Include="As7.cpp">
      <Filter>Source Files</Filter>
    </ClCompile>
    <ClCompile Include="As8.cpp">
      <Filter>Source Files</Filter>
    </ClCompile>
    <ClCompile Include="As13.1.cpp">
      <Filter>Source Files</Filter>
    </ClCompile>
  </ItemGroup>
</Project>